
Microsoft Visual Studio Solution File, Format Version 11.00
# Visual Studio 2010
Project("{FAE04EC0-301F-11D3-BF4B-00C04F79EFBC}") = "Nimbus", "Nimbus\Nimbus.csproj", "{C7231E6F-54E9-44CC-9D6C-1FD2CC411E96}"
EndProject
Project("{FAE04EC0-301F-11D3-BF4B-00C04F79EFBC}") = "RegistryUpdater", "RegistryUpdater\RegistryUpdater.csproj", "{6CC90A76-E227-4309-822F-130DB9D79DD7}"
EndProject
Project("{FAE04EC0-301F-11D3-BF4B-00C04F79EFBC}") = "Nimboid", "Nimboid\Nimboid.csproj", "{78933746-C0E5-4B97-8DE9-FA5B12F1CCAB}"
EndProject
Project("{8BC9CEB8-8B4A-11D0-8D11-00A0C91BC942}") = "agsNimbusInterop", "agsNexusInterop\agsNexusInterop.vcxproj", "{90B8672C-3D26-476E-BD2F-7C9911EF811E}"
EndProject
Project("{FAE04EC0-301F-11D3-BF4B-00C04F79EFBC}") = "NimbusUpdater", "NimbusUpdater\NimbusUpdater.csproj", "{69D2BDAB-A9B6-4560-8690-D46CE676F689}"
EndProject
Global
	GlobalSection(SubversionScc) = preSolution
		Svn-Managed = True
		Manager = AnkhSVN - Subversion Support for Visual Studio
	EndGlobalSection
	GlobalSection(SolutionConfigurationPlatforms) = preSolution
		Debug|Mixed Platforms = Debug|Mixed Platforms
		Debug|x86 = Debug|x86
		Release|Mixed Platforms = Release|Mixed Platforms
		Release|x86 = Release|x86
	EndGlobalSection
	GlobalSection(ProjectConfigurationPlatforms) = postSolution
		{C7231E6F-54E9-44CC-9D6C-1FD2CC411E96}.Debug|Mixed Platforms.ActiveCfg = Debug|x86
		{C7231E6F-54E9-44CC-9D6C-1FD2CC411E96}.Debug|Mixed Platforms.Build.0 = Debug|x86
		{C7231E6F-54E9-44CC-9D6C-1FD2CC411E96}.Debug|x86.ActiveCfg = Debug|x86
		{C7231E6F-54E9-44CC-9D6C-1FD2CC411E96}.Debug|x86.Build.0 = Debug|x86
		{C7231E6F-54E9-44CC-9D6C-1FD2CC411E96}.Release|Mixed Platforms.ActiveCfg = Release|x86
		{C7231E6F-54E9-44CC-9D6C-1FD2CC411E96}.Release|Mixed Platforms.Build.0 = Release|x86
		{C7231E6F-54E9-44CC-9D6C-1FD2CC411E96}.Release|x86.ActiveCfg = Release|x86
		{C7231E6F-54E9-44CC-9D6C-1FD2CC411E96}.Release|x86.Build.0 = Release|x86
		{6CC90A76-E227-4309-822F-130DB9D79DD7}.Debug|Mixed Platforms.ActiveCfg = Debug|x86
		{6CC90A76-E227-4309-822F-130DB9D79DD7}.Debug|Mixed Platforms.Build.0 = Debug|x86
		{6CC90A76-E227-4309-822F-130DB9D79DD7}.Debug|x86.ActiveCfg = Debug|x86
		{6CC90A76-E227-4309-822F-130DB9D79DD7}.Debug|x86.Build.0 = Debug|x86
		{6CC90A76-E227-4309-822F-130DB9D79DD7}.Release|Mixed Platforms.ActiveCfg = Release|x86
		{6CC90A76-E227-4309-822F-130DB9D79DD7}.Release|Mixed Platforms.Build.0 = Release|x86
		{6CC90A76-E227-4309-822F-130DB9D79DD7}.Release|x86.ActiveCfg = Release|x86
		{6CC90A76-E227-4309-822F-130DB9D79DD7}.Release|x86.Build.0 = Release|x86
		{78933746-C0E5-4B97-8DE9-FA5B12F1CCAB}.Debug|Mixed Platforms.ActiveCfg = Debug|x86
		{78933746-C0E5-4B97-8DE9-FA5B12F1CCAB}.Debug|Mixed Platforms.Build.0 = Debug|x86
		{78933746-C0E5-4B97-8DE9-FA5B12F1CCAB}.Debug|x86.ActiveCfg = Debug|x86
		{78933746-C0E5-4B97-8DE9-FA5B12F1CCAB}.Debug|x86.Build.0 = Debug|x86
		{78933746-C0E5-4B97-8DE9-FA5B12F1CCAB}.Release|Mixed Platforms.ActiveCfg = Release|x86
		{78933746-C0E5-4B97-8DE9-FA5B12F1CCAB}.Release|Mixed Platforms.Build.0 = Release|x86
		{78933746-C0E5-4B97-8DE9-FA5B12F1CCAB}.Release|x86.ActiveCfg = Release|x86
		{78933746-C0E5-4B97-8DE9-FA5B12F1CCAB}.Release|x86.Build.0 = Release|x86
		{90B8672C-3D26-476E-BD2F-7C9911EF811E}.Debug|Mixed Platforms.ActiveCfg = Debug|Win32
		{90B8672C-3D26-476E-BD2F-7C9911EF811E}.Debug|Mixed Platforms.Build.0 = Debug|Win32
		{90B8672C-3D26-476E-BD2F-7C9911EF811E}.Debug|x86.ActiveCfg = Debug|Win32
		{90B8672C-3D26-476E-BD2F-7C9911EF811E}.Release|Mixed Platforms.ActiveCfg = Release|Win32
		{90B8672C-3D26-476E-BD2F-7C9911EF811E}.Release|Mixed Platforms.Build.0 = Release|Win32
		{90B8672C-3D26-476E-BD2F-7C9911EF811E}.Release|x86.ActiveCfg = Release|Win32
		{69D2BDAB-A9B6-4560-8690-D46CE676F689}.Debug|Mixed Platforms.ActiveCfg = Debug|x86
		{69D2BDAB-A9B6-4560-8690-D46CE676F689}.Debug|Mixed Platforms.Build.0 = Debug|x86
		{69D2BDAB-A9B6-4560-8690-D46CE676F689}.Debug|x86.ActiveCfg = Debug|x86
		{69D2BDAB-A9B6-4560-8690-D46CE676F689}.Debug|x86.Build.0 = Debug|x86
		{69D2BDAB-A9B6-4560-8690-D46CE676F689}.Release|Mixed Platforms.ActiveCfg = Release|x86
		{69D2BDAB-A9B6-4560-8690-D46CE676F689}.Release|Mixed Platforms.Build.0 = Release|x86
		{69D2BDAB-A9B6-4560-8690-D46CE676F689}.Release|x86.ActiveCfg = Release|x86
		{69D2BDAB-A9B6-4560-8690-D46CE676F689}.Release|x86.Build.0 = Release|x86
	EndGlobalSection
	GlobalSection(SolutionProperties) = preSolution
		HideSolutionNode = FALSE
	EndGlobalSection
EndGlobal
